
Microsoft Visual Studio Solution File, Format Version 12.00
# Visual Studio Version 17
VisualStudioVersion = 17.0.31919.166
MinimumVisualStudioVersion = 10.0.40219.1
Project("{FAE04EC0-301F-11D3-BF4B-00C04F79EFBC}") = "WeatherApi", "WeatherApi\WeatherApi.csproj", "{C651F4EC-FD5A-4246-A6B9-F1719178AAFB}"
EndProject
Global
	GlobalSection(SolutionConfigurationPlatforms) = preSolution
		Debug|Any CPU = Debug|Any CPU
		Release|Any CPU = Release|Any CPU
	EndGlobalSection
	GlobalSection(ProjectConfigurationPlatforms) = postSolution
		{C651F4EC-FD5A-4246-A6B9-F1719178AAFB}.Debug|Any CPU.ActiveCfg = Debug|Any CPU
		{C651F4EC-FD5A-4246-A6B9-F1719178AAFB}.Debug|Any CPU.Build.0 = Debug|Any CPU
		{C651F4EC-FD5A-4246-A6B9-F1719178AAFB}.Release|Any CPU.ActiveCfg = Release|Any CPU
		{C651F4EC-FD5A-4246-A6B9-F1719178AAFB}.Release|Any CPU.Build.0 = Release|Any CPU
	EndGlobalSection
	GlobalSection(SolutionProperties) = preSolution
		HideSolutionNode = FALSE
	EndGlobalSection
	GlobalSection(ExtensibilityGlobals) = postSolution
		SolutionGuid = {ABADAB54-8B6A-4F3A-8437-E6D66555C39B}
	EndGlobalSection
EndGlobal
